
Microsoft Visual Studio Solution File, Format Version 12.00
# Visual Studio Version 16
VisualStudioVersion = 25.0.1706.0
MinimumVisualStudioVersion = 10.0.40219.1
Project("{FAE04EC0-301F-11D3-BF4B-00C04F79EFBC}") = "BuildingForms", "BuildingForms\BuildingForms.csproj", "{041B1808-DF11-4FCB-989F-BE39A5A4BC9A}"
EndProject
Global
	GlobalSection(SolutionConfigurationPlatforms) = preSolution
		Debug|Any CPU = Debug|Any CPU
		Release|Any CPU = Release|Any CPU
	EndGlobalSection
	GlobalSection(ProjectConfigurationPlatforms) = postSolution
		{041B1808-DF11-4FCB-989F-BE39A5A4BC9A}.Debug|Any CPU.ActiveCfg = Debug|Any CPU
		{041B1808-DF11-4FCB-989F-BE39A5A4BC9A}.Debug|Any CPU.Build.0 = Debug|Any CPU
		{041B1808-DF11-4FCB-989F-BE39A5A4BC9A}.Release|Any CPU.ActiveCfg = Release|Any CPU
		{041B1808-DF11-4FCB-989F-BE39A5A4BC9A}.Release|Any CPU.Build.0 = Release|Any CPU
	EndGlobalSection
	GlobalSection(SolutionProperties) = preSolution
		HideSolutionNode = FALSE
	EndGlobalSection
	GlobalSection(ExtensibilityGlobals) = postSolution
		SolutionGuid = {6B812541-00DB-43CD-AC9A-8752B053EF41}
	EndGlobalSection
EndGlobal
